
Microsoft Visual Studio Solution File, Format Version 12.00
# Visual Studio Version 17
VisualStudioVersion = 17.6.33815.320
MinimumVisualStudioVersion = 10.0.40219.1
Project("{8BC9CEB8-8B4A-11D0-8D11-00A0C91BC942}") = "MilesEdgeworth", "MilesEdgeworth.vcxproj", "{2075DDC4-DD3C-4BE7-91A2-C42B4130BA9D}"
EndProject
Global
	GlobalSection(SolutionConfigurationPlatforms) = preSolution
		Debug|x64 = Debug|x64
		Release|x64 = Release|x64
	EndGlobalSection
	GlobalSection(ProjectConfigurationPlatforms) = postSolution
		{2075DDC4-DD3C-4BE7-91A2-C42B4130BA9D}.Debug|x64.ActiveCfg = Debug|x64
		{2075DDC4-DD3C-4BE7-91A2-C42B4130BA9D}.Debug|x64.Build.0 = Debug|x64
		{2075DDC4-DD3C-4BE7-91A2-C42B4130BA9D}.Release|x64.ActiveCfg = Release|x64
		{2075DDC4-DD3C-4BE7-91A2-C42B4130BA9D}.Release|x64.Build.0 = Release|x64
	EndGlobalSection
	GlobalSection(SolutionProperties) = preSolution
		HideSolutionNode = FALSE
	EndGlobalSection
	GlobalSection(ExtensibilityGlobals) = postSolution
		SolutionGuid = {6542EA86-4BB6-4D93-B5B9-E49E5E74FC2A}
	EndGlobalSection
EndGlobal
